
Microsoft Visual Studio Solution File, Format Version 12.00
# Visual Studio Version 17
VisualStudioVersion = 17.0.31903.59
MinimumVisualStudioVersion = 10.0.40219.1
Project("{2150E333-8FDC-42A3-9474-1A3956D46DE8}") = "src", "src", "{827E0CD3-B72D-47B6-A68D-7590B98EB39B}"
EndProject
Project("{2150E333-8FDC-42A3-9474-1A3956D46DE8}") = "Core", "Core", "{8D626EA8-CB54-BC41-363A-217881BEBA6E}"
EndProject
Project("{FAE04EC0-301F-11D3-BF4B-00C04F79EFBC}") = "Biro.Core.Domain", "src\Core\Biro.Core.Domain\Biro.Core.Domain.csproj", "{BF0A5E4C-8994-47D5-9017-C6AF81F4D54E}"
EndProject
Project("{FAE04EC0-301F-11D3-BF4B-00C04F79EFBC}") = "Biro.Core.Application", "src\Core\Biro.Core.Application\Biro.Core.Application.csproj", "{CEFAA780-0024-42DD-9CCF-0E3633447027}"
EndProject
Project("{2150E333-8FDC-42A3-9474-1A3956D46DE8}") = "Infrastructure", "Infrastructure", "{9048EB7F-3875-A59E-E36B-5BD4C6F2A282}"
EndProject
Project("{FAE04EC0-301F-11D3-BF4B-00C04F79EFBC}") = "Biro.Infrastructure.Persistence", "src\Infrastructure\Biro.Infrastructure.Persistence\Biro.Infrastructure.Persistence.csproj", "{26CE3C2D-B027-4EF3-B41D-2C33C9A4D4DA}"
EndProject
Project("{FAE04EC0-301F-11D3-BF4B-00C04F79EFBC}") = "Biro.Infrastructure.Messaging", "src\Infrastructure\Biro.Infrastructure.Messaging\Biro.Infrastructure.Messaging.csproj", "{27D536E6-17E8-436C-B2B9-E8556A0844D4}"
EndProject
Project("{FAE04EC0-301F-11D3-BF4B-00C04F79EFBC}") = "Biro.Infrastructure.Cache", "src\Infrastructure\Biro.Infrastructure.Cache\Biro.Infrastructure.Cache.csproj", "{5C3500E6-C445-48FA-ABEA-21E03C2BEE8A}"
EndProject
Project("{FAE04EC0-301F-11D3-BF4B-00C04F79EFBC}") = "Biro.Infrastructure.Observability", "src\Infrastructure\Biro.Infrastructure.Observability\Biro.Infrastructure.Observability.csproj", "{61B35D78-3044-4D53-8A79-8CD0EF84C428}"
EndProject
Project("{2150E333-8FDC-42A3-9474-1A3956D46DE8}") = "Orchestration", "Orchestration", "{8B260A08-A83E-5A86-27DB-EBC08B683631}"
EndProject
Project("{FAE04EC0-301F-11D3-BF4B-00C04F79EFBC}") = "Biro.Orchestration.AIPlanner", "src\Orchestration\Biro.Orchestration.AIPlanner\Biro.Orchestration.AIPlanner.csproj", "{6A0BBB14-AD5C-49C6-B928-C29C0E80AB3E}"
EndProject
Project("{FAE04EC0-301F-11D3-BF4B-00C04F79EFBC}") = "Biro.Orchestration.WorkflowEngine", "src\Orchestration\Biro.Orchestration.WorkflowEngine\Biro.Orchestration.WorkflowEngine.csproj", "{5AA3DA50-1F51-4155-9179-79AB2ACF6F92}"
EndProject
Project("{FAE04EC0-301F-11D3-BF4B-00C04F79EFBC}") = "Biro.Orchestration.Saga", "src\Orchestration\Biro.Orchestration.Saga\Biro.Orchestration.Saga.csproj", "{41356D3F-65EE-4C95-BE02-331FB1E0132A}"
EndProject
Project("{2150E333-8FDC-42A3-9474-1A3956D46DE8}") = "Blocks", "Blocks", "{FE014895-D8BF-3492-8783-351AC6D606E7}"
EndProject
Project("{FAE04EC0-301F-11D3-BF4B-00C04F79EFBC}") = "Biro.Blocks.Authentication", "src\Blocks\Biro.Blocks.Authentication\Biro.Blocks.Authentication.csproj", "{F43A23CC-B3B2-4A88-9E52-F43962D308BB}"
EndProject
Project("{FAE04EC0-301F-11D3-BF4B-00C04F79EFBC}") = "Biro.Blocks.Account", "src\Blocks\Biro.Blocks.Account\Biro.Blocks.Account.csproj", "{701F68C8-7582-4183-BE07-F15CCF329092}"
EndProject
Project("{FAE04EC0-301F-11D3-BF4B-00C04F79EFBC}") = "Biro.Blocks.Balance", "src\Blocks\Biro.Blocks.Balance\Biro.Blocks.Balance.csproj", "{B0C84F84-39C7-4CDD-9660-4550167FF1F7}"
EndProject
Project("{FAE04EC0-301F-11D3-BF4B-00C04F79EFBC}") = "Biro.Blocks.Debit", "src\Blocks\Biro.Blocks.Debit\Biro.Blocks.Debit.csproj", "{9008EB5E-3D1C-44C8-BC7F-64F310E5CFD8}"
EndProject
Project("{FAE04EC0-301F-11D3-BF4B-00C04F79EFBC}") = "Biro.Blocks.Credit", "src\Blocks\Biro.Blocks.Credit\Biro.Blocks.Credit.csproj", "{0F956664-8E1D-4418-9CE3-3CEC5E302F01}"
EndProject
Project("{FAE04EC0-301F-11D3-BF4B-00C04F79EFBC}") = "Biro.Blocks.Transfer", "src\Blocks\Biro.Blocks.Transfer\Biro.Blocks.Transfer.csproj", "{3F65107B-BE90-46BC-965F-A332AE9842A7}"
EndProject
Project("{FAE04EC0-301F-11D3-BF4B-00C04F79EFBC}") = "Biro.Blocks.Reserve", "src\Blocks\Biro.Blocks.Reserve\Biro.Blocks.Reserve.csproj", "{2C37E041-40EB-4F9E-A406-FDFF84706B23}"
EndProject
Project("{FAE04EC0-301F-11D3-BF4B-00C04F79EFBC}") = "Biro.Blocks.Block", "src\Blocks\Biro.Blocks.Block\Biro.Blocks.Block.csproj", "{5B7D10BB-2E25-4078-9CF2-5C67708FA7F6}"
EndProject
Project("{FAE04EC0-301F-11D3-BF4B-00C04F79EFBC}") = "Biro.Blocks.Transaction", "src\Blocks\Biro.Blocks.Transaction\Biro.Blocks.Transaction.csproj", "{285D37B7-EA3A-4FCE-84BA-603DC905B843}"
EndProject
Project("{FAE04EC0-301F-11D3-BF4B-00C04F79EFBC}") = "Biro.Blocks.Log", "src\Blocks\Biro.Blocks.Log\Biro.Blocks.Log.csproj", "{9F0D348E-7525-4019-B503-ED4B892B64AC}"
EndProject
Project("{2150E333-8FDC-42A3-9474-1A3956D46DE8}") = "Gateway", "Gateway", "{6306A8FB-679E-111F-6585-8F70E0EE6013}"
EndProject
Project("{FAE04EC0-301F-11D3-BF4B-00C04F79EFBC}") = "Biro.API.Gateway", "src\Gateway\Biro.API.Gateway\Biro.API.Gateway.csproj", "{9F302F35-8E24-429B-8399-8BC3942DC8A7}"
EndProject
Project("{2150E333-8FDC-42A3-9474-1A3956D46DE8}") = "Shared", "Shared", "{C8E42992-5E42-0C2B-DBFE-AA848D06431C}"
EndProject
Project("{FAE04EC0-301F-11D3-BF4B-00C04F79EFBC}") = "Biro.Shared.Common", "src\Shared\Biro.Shared.Common\Biro.Shared.Common.csproj", "{DAC6A971-0497-49CC-89B5-50478FE7ED25}"
EndProject
Project("{FAE04EC0-301F-11D3-BF4B-00C04F79EFBC}") = "Biro.Shared.Contracts", "src\Shared\Biro.Shared.Contracts\Biro.Shared.Contracts.csproj", "{5E8605EB-8E92-4348-9CD9-D82B92A53F5A}"
EndProject
Project("{2150E333-8FDC-42A3-9474-1A3956D46DE8}") = "tests", "tests", "{0AB3BF05-4346-4AA6-1389-037BE0695223}"
EndProject
Project("{2150E333-8FDC-42A3-9474-1A3956D46DE8}") = "Unit", "Unit", "{9D556B49-86D1-93A7-9596-FFAAB74EC556}"
EndProject
Project("{FAE04EC0-301F-11D3-BF4B-00C04F79EFBC}") = "Biro.Tests.Unit", "tests\Unit\Biro.Tests.Unit\Biro.Tests.Unit.csproj", "{9A98FFE7-3CF7-4060-B06F-A761C6623288}"
EndProject
Project("{2150E333-8FDC-42A3-9474-1A3956D46DE8}") = "Integration", "Integration", "{28A6993C-471E-82FE-7D9E-AD3B1EC22BD9}"
EndProject
Project("{FAE04EC0-301F-11D3-BF4B-00C04F79EFBC}") = "Biro.Tests.Integration", "tests\Integration\Biro.Tests.Integration\Biro.Tests.Integration.csproj", "{0B6A5DBF-FAB4-4056-AD76-771146C1D18F}"
EndProject
Project("{2150E333-8FDC-42A3-9474-1A3956D46DE8}") = "E2E", "E2E", "{0EB607AC-6329-6575-AD8B-E5558B048B88}"
EndProject
Project("{FAE04EC0-301F-11D3-BF4B-00C04F79EFBC}") = "Biro.Tests.E2E", "tests\E2E\Biro.Tests.E2E\Biro.Tests.E2E.csproj", "{CC994DB8-26AD-4BDE-83D0-3B86DB766FF7}"
EndProject
Global
	GlobalSection(SolutionConfigurationPlatforms) = preSolution
		Debug|Any CPU = Debug|Any CPU
		Debug|x64 = Debug|x64
		Debug|x86 = Debug|x86
		Release|Any CPU = Release|Any CPU
		Release|x64 = Release|x64
		Release|x86 = Release|x86
	EndGlobalSection
	GlobalSection(ProjectConfigurationPlatforms) = postSolution
		{BF0A5E4C-8994-47D5-9017-C6AF81F4D54E}.Debug|Any CPU.ActiveCfg = Debug|Any CPU
		{BF0A5E4C-8994-47D5-9017-C6AF81F4D54E}.Debug|Any CPU.Build.0 = Debug|Any CPU
		{BF0A5E4C-8994-47D5-9017-C6AF81F4D54E}.Debug|x64.ActiveCfg = Debug|Any CPU
		{BF0A5E4C-8994-47D5-9017-C6AF81F4D54E}.Debug|x64.Build.0 = Debug|Any CPU
		{BF0A5E4C-8994-47D5-9017-C6AF81F4D54E}.Debug|x86.ActiveCfg = Debug|Any CPU
		{BF0A5E4C-8994-47D5-9017-C6AF81F4D54E}.Debug|x86.Build.0 = Debug|Any CPU
		{BF0A5E4C-8994-47D5-9017-C6AF81F4D54E}.Release|Any CPU.ActiveCfg = Release|Any CPU
		{BF0A5E4C-8994-47D5-9017-C6AF81F4D54E}.Release|Any CPU.Build.0 = Release|Any CPU
		{BF0A5E4C-8994-47D5-9017-C6AF81F4D54E}.Release|x64.ActiveCfg = Release|Any CPU
		{BF0A5E4C-8994-47D5-9017-C6AF81F4D54E}.Release|x64.Build.0 = Release|Any CPU
		{BF0A5E4C-8994-47D5-9017-C6AF81F4D54E}.Release|x86.ActiveCfg = Release|Any CPU
		{BF0A5E4C-8994-47D5-9017-C6AF81F4D54E}.Release|x86.Build.0 = Release|Any CPU
		{CEFAA780-0024-42DD-9CCF-0E3633447027}.Debug|Any CPU.ActiveCfg = Debug|Any CPU
		{CEFAA780-0024-42DD-9CCF-0E3633447027}.Debug|Any CPU.Build.0 = Debug|Any CPU
		{CEFAA780-0024-42DD-9CCF-0E3633447027}.Debug|x64.ActiveCfg = Debug|Any CPU
		{CEFAA780-0024-42DD-9CCF-0E3633447027}.Debug|x64.Build.0 = Debug|Any CPU
		{CEFAA780-0024-42DD-9CCF-0E3633447027}.Debug|x86.ActiveCfg = Debug|Any CPU
		{CEFAA780-0024-42DD-9CCF-0E3633447027}.Debug|x86.Build.0 = Debug|Any CPU
		{CEFAA780-0024-42DD-9CCF-0E3633447027}.Release|Any CPU.ActiveCfg = Release|Any CPU
		{CEFAA780-0024-42DD-9CCF-0E3633447027}.Release|Any CPU.Build.0 = Release|Any CPU
		{CEFAA780-0024-42DD-9CCF-0E3633447027}.Release|x64.ActiveCfg = Release|Any CPU
		{CEFAA780-0024-42DD-9CCF-0E3633447027}.Release|x64.Build.0 = Release|Any CPU
		{CEFAA780-0024-42DD-9CCF-0E3633447027}.Release|x86.ActiveCfg = Release|Any CPU
		{CEFAA780-0024-42DD-9CCF-0E3633447027}.Release|x86.Build.0 = Release|Any CPU
		{26CE3C2D-B027-4EF3-B41D-2C33C9A4D4DA}.Debug|Any CPU.ActiveCfg = Debug|Any CPU
		{26CE3C2D-B027-4EF3-B41D-2C33C9A4D4DA}.Debug|Any CPU.Build.0 = Debug|Any CPU
		{26CE3C2D-B027-4EF3-B41D-2C33C9A4D4DA}.Debug|x64.ActiveCfg = Debug|Any CPU
		{26CE3C2D-B027-4EF3-B41D-2C33C9A4D4DA}.Debug|x64.Build.0 = Debug|Any CPU
		{26CE3C2D-B027-4EF3-B41D-2C33C9A4D4DA}.Debug|x86.ActiveCfg = Debug|Any CPU
		{26CE3C2D-B027-4EF3-B41D-2C33C9A4D4DA}.Debug|x86.Build.0 = Debug|Any CPU
		{26CE3C2D-B027-4EF3-B41D-2C33C9A4D4DA}.Release|Any CPU.ActiveCfg = Release|Any CPU
		{26CE3C2D-B027-4EF3-B41D-2C33C9A4D4DA}.Release|Any CPU.Build.0 = Release|Any CPU
		{26CE3C2D-B027-4EF3-B41D-2C33C9A4D4DA}.Release|x64.ActiveCfg = Release|Any CPU
		{26CE3C2D-B027-4EF3-B41D-2C33C9A4D4DA}.Release|x64.Build.0 = Release|Any CPU
		{26CE3C2D-B027-4EF3-B41D-2C33C9A4D4DA}.Release|x86.ActiveCfg = Release|Any CPU
		{26CE3C2D-B027-4EF3-B41D-2C33C9A4D4DA}.Release|x86.Build.0 = Release|Any CPU
		{27D536E6-17E8-436C-B2B9-E8556A0844D4}.Debug|Any CPU.ActiveCfg = Debug|Any CPU
		{27D536E6-17E8-436C-B2B9-E8556A0844D4}.Debug|Any CPU.Build.0 = Debug|Any CPU
		{27D536E6-17E8-436C-B2B9-E8556A0844D4}.Debug|x64.ActiveCfg = Debug|Any CPU
		{27D536E6-17E8-436C-B2B9-E8556A0844D4}.Debug|x64.Build.0 = Debug|Any CPU
		{27D536E6-17E8-436C-B2B9-E8556A0844D4}.Debug|x86.ActiveCfg = Debug|Any CPU
		{27D536E6-17E8-436C-B2B9-E8556A0844D4}.Debug|x86.Build.0 = Debug|Any CPU
		{27D536E6-17E8-436C-B2B9-E8556A0844D4}.Release|Any CPU.ActiveCfg = Release|Any CPU
		{27D536E6-17E8-436C-B2B9-E8556A0844D4}.Release|Any CPU.Build.0 = Release|Any CPU
		{27D536E6-17E8-436C-B2B9-E8556A0844D4}.Release|x64.ActiveCfg = Release|Any CPU
		{27D536E6-17E8-436C-B2B9-E8556A0844D4}.Release|x64.Build.0 = Release|Any CPU
		{27D536E6-17E8-436C-B2B9-E8556A0844D4}.Release|x86.ActiveCfg = Release|Any CPU
		{27D536E6-17E8-436C-B2B9-E8556A0844D4}.Release|x86.Build.0 = Release|Any CPU
		{5C3500E6-C445-48FA-ABEA-21E03C2BEE8A}.Debug|Any CPU.ActiveCfg = Debug|Any CPU
		{5C3500E6-C445-48FA-ABEA-21E03C2BEE8A}.Debug|Any CPU.Build.0 = Debug|Any CPU
		{5C3500E6-C445-48FA-ABEA-21E03C2BEE8A}.Debug|x64.ActiveCfg = Debug|Any CPU
		{5C3500E6-C445-48FA-ABEA-21E03C2BEE8A}.Debug|x64.Build.0 = Debug|Any CPU
		{5C3500E6-C445-48FA-ABEA-21E03C2BEE8A}.Debug|x86.ActiveCfg = Debug|Any CPU
		{5C3500E6-C445-48FA-ABEA-21E03C2BEE8A}.Debug|x86.Build.0 = Debug|Any CPU
		{5C3500E6-C445-48FA-ABEA-21E03C2BEE8A}.Release|Any CPU.ActiveCfg = Release|Any CPU
		{5C3500E6-C445-48FA-ABEA-21E03C2BEE8A}.Release|Any CPU.Build.0 = Release|Any CPU
		{5C3500E6-C445-48FA-ABEA-21E03C2BEE8A}.Release|x64.ActiveCfg = Release|Any CPU
		{5C3500E6-C445-48FA-ABEA-21E03C2BEE8A}.Release|x64.Build.0 = Release|Any CPU
		{5C3500E6-C445-48FA-ABEA-21E03C2BEE8A}.Release|x86.ActiveCfg = Release|Any CPU
		{5C3500E6-C445-48FA-ABEA-21E03C2BEE8A}.Release|x86.Build.0 = Release|Any CPU
		{61B35D78-3044-4D53-8A79-8CD0EF84C428}.Debug|Any CPU.ActiveCfg = Debug|Any CPU
		{61B35D78-3044-4D53-8A79-8CD0EF84C428}.Debug|Any CPU.Build.0 = Debug|Any CPU
		{61B35D78-3044-4D53-8A79-8CD0EF84C428}.Debug|x64.ActiveCfg = Debug|Any CPU
		{61B35D78-3044-4D53-8A79-8CD0EF84C428}.Debug|x64.Build.0 = Debug|Any CPU
		{61B35D78-3044-4D53-8A79-8CD0EF84C428}.Debug|x86.ActiveCfg = Debug|Any CPU
		{61B35D78-3044-4D53-8A79-8CD0EF84C428}.Debug|x86.Build.0 = Debug|Any CPU
		{61B35D78-3044-4D53-8A79-8CD0EF84C428}.Release|Any CPU.ActiveCfg = Release|Any CPU
		{61B35D78-3044-4D53-8A79-8CD0EF84C428}.Release|Any CPU.Build.0 = Release|Any CPU
		{61B35D78-3044-4D53-8A79-8CD0EF84C428}.Release|x64.ActiveCfg = Release|Any CPU
		{61B35D78-3044-4D53-8A79-8CD0EF84C428}.Release|x64.Build.0 = Release|Any CPU
		{61B35D78-3044-4D53-8A79-8CD0EF84C428}.Release|x86.ActiveCfg = Release|Any CPU
		{61B35D78-3044-4D53-8A79-8CD0EF84C428}.Release|x86.Build.0 = Release|Any CPU
		{6A0BBB14-AD5C-49C6-B928-C29C0E80AB3E}.Debug|Any CPU.ActiveCfg = Debug|Any CPU
		{6A0BBB14-AD5C-49C6-B928-C29C0E80AB3E}.Debug|Any CPU.Build.0 = Debug|Any CPU
		{6A0BBB14-AD5C-49C6-B928-C29C0E80AB3E}.Debug|x64.ActiveCfg = Debug|Any CPU
		{6A0BBB14-AD5C-49C6-B928-C29C0E80AB3E}.Debug|x64.Build.0 = Debug|Any CPU
		{6A0BBB14-AD5C-49C6-B928-C29C0E80AB3E}.Debug|x86.ActiveCfg = Debug|Any CPU
		{6A0BBB14-AD5C-49C6-B928-C29C0E80AB3E}.Debug|x86.Build.0 = Debug|Any CPU
		{6A0BBB14-AD5C-49C6-B928-C29C0E80AB3E}.Release|Any CPU.ActiveCfg = Release|Any CPU
		{6A0BBB14-AD5C-49C6-B928-C29C0E80AB3E}.Release|Any CPU.Build.0 = Release|Any CPU
		{6A0BBB14-AD5C-49C6-B928-C29C0E80AB3E}.Release|x64.ActiveCfg = Release|Any CPU
		{6A0BBB14-AD5C-49C6-B928-C29C0E80AB3E}.Release|x64.Build.0 = Release|Any CPU
		{6A0BBB14-AD5C-49C6-B928-C29C0E80AB3E}.Release|x86.ActiveCfg = Release|Any CPU
		{6A0BBB14-AD5C-49C6-B928-C29C0E80AB3E}.Release|x86.Build.0 = Release|Any CPU
		{5AA3DA50-1F51-4155-9179-79AB2ACF6F92}.Debug|Any CPU.ActiveCfg = Debug|Any CPU
		{5AA3DA50-1F51-4155-9179-79AB2ACF6F92}.Debug|Any CPU.Build.0 = Debug|Any CPU
		{5AA3DA50-1F51-4155-9179-79AB2ACF6F92}.Debug|x64.ActiveCfg = Debug|Any CPU
		{5AA3DA50-1F51-4155-9179-79AB2ACF6F92}.Debug|x64.Build.0 = Debug|Any CPU
		{5AA3DA50-1F51-4155-9179-79AB2ACF6F92}.Debug|x86.ActiveCfg = Debug|Any CPU
		{5AA3DA50-1F51-4155-9179-79AB2ACF6F92}.Debug|x86.Build.0 = Debug|Any CPU
		{5AA3DA50-1F51-4155-9179-79AB2ACF6F92}.Release|Any CPU.ActiveCfg = Release|Any CPU
		{5AA3DA50-1F51-4155-9179-79AB2ACF6F92}.Release|Any CPU.Build.0 = Release|Any CPU
		{5AA3DA50-1F51-4155-9179-79AB2ACF6F92}.Release|x64.ActiveCfg = Release|Any CPU
		{5AA3DA50-1F51-4155-9179-79AB2ACF6F92}.Release|x64.Build.0 = Release|Any CPU
		{5AA3DA50-1F51-4155-9179-79AB2ACF6F92}.Release|x86.ActiveCfg = Release|Any CPU
		{5AA3DA50-1F51-4155-9179-79AB2ACF6F92}.Release|x86.Build.0 = Release|Any CPU
		{41356D3F-65EE-4C95-BE02-331FB1E0132A}.Debug|Any CPU.ActiveCfg = Debug|Any CPU
		{41356D3F-65EE-4C95-BE02-331FB1E0132A}.Debug|Any CPU.Build.0 = Debug|Any CPU
		{41356D3F-65EE-4C95-BE02-331FB1E0132A}.Debug|x64.ActiveCfg = Debug|Any CPU
		{41356D3F-65EE-4C95-BE02-331FB1E0132A}.Debug|x64.Build.0 = Debug|Any CPU
		{41356D3F-65EE-4C95-BE02-331FB1E0132A}.Debug|x86.ActiveCfg = Debug|Any CPU
		{41356D3F-65EE-4C95-BE02-331FB1E0132A}.Debug|x86.Build.0 = Debug|Any CPU
		{41356D3F-65EE-4C95-BE02-331FB1E0132A}.Release|Any CPU.ActiveCfg = Release|Any CPU
		{41356D3F-65EE-4C95-BE02-331FB1E0132A}.Release|Any CPU.Build.0 = Release|Any CPU
		{41356D3F-65EE-4C95-BE02-331FB1E0132A}.Release|x64.ActiveCfg = Release|Any CPU
		{41356D3F-65EE-4C95-BE02-331FB1E0132A}.Release|x64.Build.0 = Release|Any CPU
		{41356D3F-65EE-4C95-BE02-331FB1E0132A}.Release|x86.ActiveCfg = Release|Any CPU
		{41356D3F-65EE-4C95-BE02-331FB1E0132A}.Release|x86.Build.0 = Release|Any CPU
		{F43A23CC-B3B2-4A88-9E52-F43962D308BB}.Debug|Any CPU.ActiveCfg = Debug|Any CPU
		{F43A23CC-B3B2-4A88-9E52-F43962D308BB}.Debug|Any CPU.Build.0 = Debug|Any CPU
		{F43A23CC-B3B2-4A88-9E52-F43962D308BB}.Debug|x64.ActiveCfg = Debug|Any CPU
		{F43A23CC-B3B2-4A88-9E52-F43962D308BB}.Debug|x64.Build.0 = Debug|Any CPU
		{F43A23CC-B3B2-4A88-9E52-F43962D308BB}.Debug|x86.ActiveCfg = Debug|Any CPU
		{F43A23CC-B3B2-4A88-9E52-F43962D308BB}.Debug|x86.Build.0 = Debug|Any CPU
		{F43A23CC-B3B2-4A88-9E52-F43962D308BB}.Release|Any CPU.ActiveCfg = Release|Any CPU
		{F43A23CC-B3B2-4A88-9E52-F43962D308BB}.Release|Any CPU.Build.0 = Release|Any CPU
		{F43A23CC-B3B2-4A88-9E52-F43962D308BB}.Release|x64.ActiveCfg = Release|Any CPU
		{F43A23CC-B3B2-4A88-9E52-F43962D308BB}.Release|x64.Build.0 = Release|Any CPU
		{F43A23CC-B3B2-4A88-9E52-F43962D308BB}.Release|x86.ActiveCfg = Release|Any CPU
		{F43A23CC-B3B2-4A88-9E52-F43962D308BB}.Release|x86.Build.0 = Release|Any CPU
		{701F68C8-7582-4183-BE07-F15CCF329092}.Debug|Any CPU.ActiveCfg = Debug|Any CPU
		{701F68C8-7582-4183-BE07-F15CCF329092}.Debug|Any CPU.Build.0 = Debug|Any CPU
		{701F68C8-7582-4183-BE07-F15CCF329092}.Debug|x64.ActiveCfg = Debug|Any CPU
		{701F68C8-7582-4183-BE07-F15CCF329092}.Debug|x64.Build.0 = Debug|Any CPU
		{701F68C8-7582-4183-BE07-F15CCF329092}.Debug|x86.ActiveCfg = Debug|Any CPU
		{701F68C8-7582-4183-BE07-F15CCF329092}.Debug|x86.Build.0 = Debug|Any CPU
		{701F68C8-7582-4183-BE07-F15CCF329092}.Release|Any CPU.ActiveCfg = Release|Any CPU
		{701F68C8-7582-4183-BE07-F15CCF329092}.Release|Any CPU.Build.0 = Release|Any CPU
		{701F68C8-7582-4183-BE07-F15CCF329092}.Release|x64.ActiveCfg = Release|Any CPU
		{701F68C8-7582-4183-BE07-F15CCF329092}.Release|x64.Build.0 = Release|Any CPU
		{701F68C8-7582-4183-BE07-F15CCF329092}.Release|x86.ActiveCfg = Release|Any CPU
		{701F68C8-7582-4183-BE07-F15CCF329092}.Release|x86.Build.0 = Release|Any CPU
		{B0C84F84-39C7-4CDD-9660-4550167FF1F7}.Debug|Any CPU.ActiveCfg = Debug|Any CPU
		{B0C84F84-39C7-4CDD-9660-4550167FF1F7}.Debug|Any CPU.Build.0 = Debug|Any CPU
		{B0C84F84-39C7-4CDD-9660-4550167FF1F7}.Debug|x64.ActiveCfg = Debug|Any CPU
		{B0C84F84-39C7-4CDD-9660-4550167FF1F7}.Debug|x64.Build.0 = Debug|Any CPU
		{B0C84F84-39C7-4CDD-9660-4550167FF1F7}.Debug|x86.ActiveCfg = Debug|Any CPU
		{B0C84F84-39C7-4CDD-9660-4550167FF1F7}.Debug|x86.Build.0 = Debug|Any CPU
		{B0C84F84-39C7-4CDD-9660-4550167FF1F7}.Release|Any CPU.ActiveCfg = Release|Any CPU
		{B0C84F84-39C7-4CDD-9660-4550167FF1F7}.Release|Any CPU.Build.0 = Release|Any CPU
		{B0C84F84-39C7-4CDD-9660-4550167FF1F7}.Release|x64.ActiveCfg = Release|Any CPU
		{B0C84F84-39C7-4CDD-9660-4550167FF1F7}.Release|x64.Build.0 = Release|Any CPU
		{B0C84F84-39C7-4CDD-9660-4550167FF1F7}.Release|x86.ActiveCfg = Release|Any CPU
		{B0C84F84-39C7-4CDD-9660-4550167FF1F7}.Release|x86.Build.0 = Release|Any CPU
		{9008EB5E-3D1C-44C8-BC7F-64F310E5CFD8}.Debug|Any CPU.ActiveCfg = Debug|Any CPU
		{9008EB5E-3D1C-44C8-BC7F-64F310E5CFD8}.Debug|Any CPU.Build.0 = Debug|Any CPU
		{9008EB5E-3D1C-44C8-BC7F-64F310E5CFD8}.Debug|x64.ActiveCfg = Debug|Any CPU
		{9008EB5E-3D1C-44C8-BC7F-64F310E5CFD8}.Debug|x64.Build.0 = Debug|Any CPU
		{9008EB5E-3D1C-44C8-BC7F-64F310E5CFD8}.Debug|x86.ActiveCfg = Debug|Any CPU
		{9008EB5E-3D1C-44C8-BC7F-64F310E5CFD8}.Debug|x86.Build.0 = Debug|Any CPU
		{9008EB5E-3D1C-44C8-BC7F-64F310E5CFD8}.Release|Any CPU.ActiveCfg = Release|Any CPU
		{9008EB5E-3D1C-44C8-BC7F-64F310E5CFD8}.Release|Any CPU.Build.0 = Release|Any CPU
		{9008EB5E-3D1C-44C8-BC7F-64F310E5CFD8}.Release|x64.ActiveCfg = Release|Any CPU
		{9008EB5E-3D1C-44C8-BC7F-64F310E5CFD8}.Release|x64.Build.0 = Release|Any CPU
		{9008EB5E-3D1C-44C8-BC7F-64F310E5CFD8}.Release|x86.ActiveCfg = Release|Any CPU
		{9008EB5E-3D1C-44C8-BC7F-64F310E5CFD8}.Release|x86.Build.0 = Release|Any CPU
		{0F956664-8E1D-4418-9CE3-3CEC5E302F01}.Debug|Any CPU.ActiveCfg = Debug|Any CPU
		{0F956664-8E1D-4418-9CE3-3CEC5E302F01}.Debug|Any CPU.Build.0 = Debug|Any CPU
		{0F956664-8E1D-4418-9CE3-3CEC5E302F01}.Debug|x64.ActiveCfg = Debug|Any CPU
		{0F956664-8E1D-4418-9CE3-3CEC5E302F01}.Debug|x64.Build.0 = Debug|Any CPU
		{0F956664-8E1D-4418-9CE3-3CEC5E302F01}.Debug|x86.ActiveCfg = Debug|Any CPU
		{0F956664-8E1D-4418-9CE3-3CEC5E302F01}.Debug|x86.Build.0 = Debug|Any CPU
		{0F956664-8E1D-4418-9CE3-3CEC5E302F01}.Release|Any CPU.ActiveCfg = Release|Any CPU
		{0F956664-8E1D-4418-9CE3-3CEC5E302F01}.Release|Any CPU.Build.0 = Release|Any CPU
		{0F956664-8E1D-4418-9CE3-3CEC5E302F01}.Release|x64.ActiveCfg = Release|Any CPU
		{0F956664-8E1D-4418-9CE3-3CEC5E302F01}.Release|x64.Build.0 = Release|Any CPU
		{0F956664-8E1D-4418-9CE3-3CEC5E302F01}.Release|x86.ActiveCfg = Release|Any CPU
		{0F956664-8E1D-4418-9CE3-3CEC5E302F01}.Release|x86.Build.0 = Release|Any CPU
		{3F65107B-BE90-46BC-965F-A332AE9842A7}.Debug|Any CPU.ActiveCfg = Debug|Any CPU
		{3F65107B-BE90-46BC-965F-A332AE9842A7}.Debug|Any CPU.Build.0 = Debug|Any CPU
		{3F65107B-BE90-46BC-965F-A332AE9842A7}.Debug|x64.ActiveCfg = Debug|Any CPU
		{3F65107B-BE90-46BC-965F-A332AE9842A7}.Debug|x64.Build.0 = Debug|Any CPU
		{3F65107B-BE90-46BC-965F-A332AE9842A7}.Debug|x86.ActiveCfg = Debug|Any CPU
		{3F65107B-BE90-46BC-965F-A332AE9842A7}.Debug|x86.Build.0 = Debug|Any CPU
		{3F65107B-BE90-46BC-965F-A332AE9842A7}.Release|Any CPU.ActiveCfg = Release|Any CPU
		{3F65107B-BE90-46BC-965F-A332AE9842A7}.Release|Any CPU.Build.0 = Release|Any CPU
		{3F65107B-BE90-46BC-965F-A332AE9842A7}.Release|x64.ActiveCfg = Release|Any CPU
		{3F65107B-BE90-46BC-965F-A332AE9842A7}.Release|x64.Build.0 = Release|Any CPU
		{3F65107B-BE90-46BC-965F-A332AE9842A7}.Release|x86.ActiveCfg = Release|Any CPU
		{3F65107B-BE90-46BC-965F-A332AE9842A7}.Release|x86.Build.0 = Release|Any CPU
		{2C37E041-40EB-4F9E-A406-FDFF84706B23}.Debug|Any CPU.ActiveCfg = Debug|Any CPU
		{2C37E041-40EB-4F9E-A406-FDFF84706B23}.Debug|Any CPU.Build.0 = Debug|Any CPU
		{2C37E041-40EB-4F9E-A406-FDFF84706B23}.Debug|x64.ActiveCfg = Debug|Any CPU
		{2C37E041-40EB-4F9E-A406-FDFF84706B23}.Debug|x64.Build.0 = Debug|Any CPU
		{2C37E041-40EB-4F9E-A406-FDFF84706B23}.Debug|x86.ActiveCfg = Debug|Any CPU
		{2C37E041-40EB-4F9E-A406-FDFF84706B23}.Debug|x86.Build.0 = Debug|Any CPU
		{2C37E041-40EB-4F9E-A406-FDFF84706B23}.Release|Any CPU.ActiveCfg = Release|Any CPU
		{2C37E041-40EB-4F9E-A406-FDFF84706B23}.Release|Any CPU.Build.0 = Release|Any CPU
		{2C37E041-40EB-4F9E-A406-FDFF84706B23}.Release|x64.ActiveCfg = Release|Any CPU
		{2C37E041-40EB-4F9E-A406-FDFF84706B23}.Release|x64.Build.0 = Release|Any CPU
		{2C37E041-40EB-4F9E-A406-FDFF84706B23}.Release|x86.ActiveCfg = Release|Any CPU
		{2C37E041-40EB-4F9E-A406-FDFF84706B23}.Release|x86.Build.0 = Release|Any CPU
		{5B7D10BB-2E25-4078-9CF2-5C67708FA7F6}.Debug|Any CPU.ActiveCfg = Debug|Any CPU
		{5B7D10BB-2E25-4078-9CF2-5C67708FA7F6}.Debug|Any CPU.Build.0 = Debug|Any CPU
		{5B7D10BB-2E25-4078-9CF2-5C67708FA7F6}.Debug|x64.ActiveCfg = Debug|Any CPU
		{5B7D10BB-2E25-4078-9CF2-5C67708FA7F6}.Debug|x64.Build.0 = Debug|Any CPU
		{5B7D10BB-2E25-4078-9CF2-5C67708FA7F6}.Debug|x86.ActiveCfg = Debug|Any CPU
		{5B7D10BB-2E25-4078-9CF2-5C67708FA7F6}.Debug|x86.Build.0 = Debug|Any CPU
		{5B7D10BB-2E25-4078-9CF2-5C67708FA7F6}.Release|Any CPU.ActiveCfg = Release|Any CPU
		{5B7D10BB-2E25-4078-9CF2-5C67708FA7F6}.Release|Any CPU.Build.0 = Release|Any CPU
		{5B7D10BB-2E25-4078-9CF2-5C67708FA7F6}.Release|x64.ActiveCfg = Release|Any CPU
		{5B7D10BB-2E25-4078-9CF2-5C67708FA7F6}.Release|x64.Build.0 = Release|Any CPU
		{5B7D10BB-2E25-4078-9CF2-5C67708FA7F6}.Release|x86.ActiveCfg = Release|Any CPU
		{5B7D10BB-2E25-4078-9CF2-5C67708FA7F6}.Release|x86.Build.0 = Release|Any CPU
		{285D37B7-EA3A-4FCE-84BA-603DC905B843}.Debug|Any CPU.ActiveCfg = Debug|Any CPU
		{285D37B7-EA3A-4FCE-84BA-603DC905B843}.Debug|Any CPU.Build.0 = Debug|Any CPU
		{285D37B7-EA3A-4FCE-84BA-603DC905B843}.Debug|x64.ActiveCfg = Debug|Any CPU
		{285D37B7-EA3A-4FCE-84BA-603DC905B843}.Debug|x64.Build.0 = Debug|Any CPU
		{285D37B7-EA3A-4FCE-84BA-603DC905B843}.Debug|x86.ActiveCfg = Debug|Any CPU
		{285D37B7-EA3A-4FCE-84BA-603DC905B843}.Debug|x86.Build.0 = Debug|Any CPU
		{285D37B7-EA3A-4FCE-84BA-603DC905B843}.Release|Any CPU.ActiveCfg = Release|Any CPU
		{285D37B7-EA3A-4FCE-84BA-603DC905B843}.Release|Any CPU.Build.0 = Release|Any CPU
		{285D37B7-EA3A-4FCE-84BA-603DC905B843}.Release|x64.ActiveCfg = Release|Any CPU
		{285D37B7-EA3A-4FCE-84BA-603DC905B843}.Release|x64.Build.0 = Release|Any CPU
		{285D37B7-EA3A-4FCE-84BA-603DC905B843}.Release|x86.ActiveCfg = Release|Any CPU
		{285D37B7-EA3A-4FCE-84BA-603DC905B843}.Release|x86.Build.0 = Release|Any CPU
		{9F0D348E-7525-4019-B503-ED4B892B64AC}.Debug|Any CPU.ActiveCfg = Debug|Any CPU
		{9F0D348E-7525-4019-B503-ED4B892B64AC}.Debug|Any CPU.Build.0 = Debug|Any CPU
		{9F0D348E-7525-4019-B503-ED4B892B64AC}.Debug|x64.ActiveCfg = Debug|Any CPU
		{9F0D348E-7525-4019-B503-ED4B892B64AC}.Debug|x64.Build.0 = Debug|Any CPU
		{9F0D348E-7525-4019-B503-ED4B892B64AC}.Debug|x86.ActiveCfg = Debug|Any CPU
		{9F0D348E-7525-4019-B503-ED4B892B64AC}.Debug|x86.Build.0 = Debug|Any CPU
		{9F0D348E-7525-4019-B503-ED4B892B64AC}.Release|Any CPU.ActiveCfg = Release|Any CPU
		{9F0D348E-7525-4019-B503-ED4B892B64AC}.Release|Any CPU.Build.0 = Release|Any CPU
		{9F0D348E-7525-4019-B503-ED4B892B64AC}.Release|x64.ActiveCfg = Release|Any CPU
		{9F0D348E-7525-4019-B503-ED4B892B64AC}.Release|x64.Build.0 = Release|Any CPU
		{9F0D348E-7525-4019-B503-ED4B892B64AC}.Release|x86.ActiveCfg = Release|Any CPU
		{9F0D348E-7525-4019-B503-ED4B892B64AC}.Release|x86.Build.0 = Release|Any CPU
		{9F302F35-8E24-429B-8399-8BC3942DC8A7}.Debug|Any CPU.ActiveCfg = Debug|Any CPU
		{9F302F35-8E24-429B-8399-8BC3942DC8A7}.Debug|Any CPU.Build.0 = Debug|Any CPU
		{9F302F35-8E24-429B-8399-8BC3942DC8A7}.Debug|x64.ActiveCfg = Debug|Any CPU
		{9F302F35-8E24-429B-8399-8BC3942DC8A7}.Debug|x64.Build.0 = Debug|Any CPU
		{9F302F35-8E24-429B-8399-8BC3942DC8A7}.Debug|x86.ActiveCfg = Debug|Any CPU
		{9F302F35-8E24-429B-8399-8BC3942DC8A7}.Debug|x86.Build.0 = Debug|Any CPU
		{9F302F35-8E24-429B-8399-8BC3942DC8A7}.Release|Any CPU.ActiveCfg = Release|Any CPU
		{9F302F35-8E24-429B-8399-8BC3942DC8A7}.Release|Any CPU.Build.0 = Release|Any CPU
		{9F302F35-8E24-429B-8399-8BC3942DC8A7}.Release|x64.ActiveCfg = Release|Any CPU
		{9F302F35-8E24-429B-8399-8BC3942DC8A7}.Release|x64.Build.0 = Release|Any CPU
		{9F302F35-8E24-429B-8399-8BC3942DC8A7}.Release|x86.ActiveCfg = Release|Any CPU
		{9F302F35-8E24-429B-8399-8BC3942DC8A7}.Release|x86.Build.0 = Release|Any CPU
		{DAC6A971-0497-49CC-89B5-50478FE7ED25}.Debug|Any CPU.ActiveCfg = Debug|Any CPU
		{DAC6A971-0497-49CC-89B5-50478FE7ED25}.Debug|Any CPU.Build.0 = Debug|Any CPU
		{DAC6A971-0497-49CC-89B5-50478FE7ED25}.Debug|x64.ActiveCfg = Debug|Any CPU
		{DAC6A971-0497-49CC-89B5-50478FE7ED25}.Debug|x64.Build.0 = Debug|Any CPU
		{DAC6A971-0497-49CC-89B5-50478FE7ED25}.Debug|x86.ActiveCfg = Debug|Any CPU
		{DAC6A971-0497-49CC-89B5-50478FE7ED25}.Debug|x86.Build.0 = Debug|Any CPU
		{DAC6A971-0497-49CC-89B5-50478FE7ED25}.Release|Any CPU.ActiveCfg = Release|Any CPU
		{DAC6A971-0497-49CC-89B5-50478FE7ED25}.Release|Any CPU.Build.0 = Release|Any CPU
		{DAC6A971-0497-49CC-89B5-50478FE7ED25}.Release|x64.ActiveCfg = Release|Any CPU
		{DAC6A971-0497-49CC-89B5-50478FE7ED25}.Release|x64.Build.0 = Release|Any CPU
		{DAC6A971-0497-49CC-89B5-50478FE7ED25}.Release|x86.ActiveCfg = Release|Any CPU
		{DAC6A971-0497-49CC-89B5-50478FE7ED25}.Release|x86.Build.0 = Release|Any CPU
		{5E8605EB-8E92-4348-9CD9-D82B92A53F5A}.Debug|Any CPU.ActiveCfg = Debug|Any CPU
		{5E8605EB-8E92-4348-9CD9-D82B92A53F5A}.Debug|Any CPU.Build.0 = Debug|Any CPU
		{5E8605EB-8E92-4348-9CD9-D82B92A53F5A}.Debug|x64.ActiveCfg = Debug|Any CPU
		{5E8605EB-8E92-4348-9CD9-D82B92A53F5A}.Debug|x64.Build.0 = Debug|Any CPU
		{5E8605EB-8E92-4348-9CD9-D82B92A53F5A}.Debug|x86.ActiveCfg = Debug|Any CPU
		{5E8605EB-8E92-4348-9CD9-D82B92A53F5A}.Debug|x86.Build.0 = Debug|Any CPU
		{5E8605EB-8E92-4348-9CD9-D82B92A53F5A}.Release|Any CPU.ActiveCfg = Release|Any CPU
		{5E8605EB-8E92-4348-9CD9-D82B92A53F5A}.Release|Any CPU.Build.0 = Release|Any CPU
		{5E8605EB-8E92-4348-9CD9-D82B92A53F5A}.Release|x64.ActiveCfg = Release|Any CPU
		{5E8605EB-8E92-4348-9CD9-D82B92A53F5A}.Release|x64.Build.0 = Release|Any CPU
		{5E8605EB-8E92-4348-9CD9-D82B92A53F5A}.Release|x86.ActiveCfg = Release|Any CPU
		{5E8605EB-8E92-4348-9CD9-D82B92A53F5A}.Release|x86.Build.0 = Release|Any CPU
		{9A98FFE7-3CF7-4060-B06F-A761C6623288}.Debug|Any CPU.ActiveCfg = Debug|Any CPU
		{9A98FFE7-3CF7-4060-B06F-A761C6623288}.Debug|Any CPU.Build.0 = Debug|Any CPU
		{9A98FFE7-3CF7-4060-B06F-A761C6623288}.Debug|x64.ActiveCfg = Debug|Any CPU
		{9A98FFE7-3CF7-4060-B06F-A761C6623288}.Debug|x64.Build.0 = Debug|Any CPU
		{9A98FFE7-3CF7-4060-B06F-A761C6623288}.Debug|x86.ActiveCfg = Debug|Any CPU
		{9A98FFE7-3CF7-4060-B06F-A761C6623288}.Debug|x86.Build.0 = Debug|Any CPU
		{9A98FFE7-3CF7-4060-B06F-A761C6623288}.Release|Any CPU.ActiveCfg = Release|Any CPU
		{9A98FFE7-3CF7-4060-B06F-A761C6623288}.Release|Any CPU.Build.0 = Release|Any CPU
		{9A98FFE7-3CF7-4060-B06F-A761C6623288}.Release|x64.ActiveCfg = Release|Any CPU
		{9A98FFE7-3CF7-4060-B06F-A761C6623288}.Release|x64.Build.0 = Release|Any CPU
		{9A98FFE7-3CF7-4060-B06F-A761C6623288}.Release|x86.ActiveCfg = Release|Any CPU
		{9A98FFE7-3CF7-4060-B06F-A761C6623288}.Release|x86.Build.0 = Release|Any CPU
		{0B6A5DBF-FAB4-4056-AD76-771146C1D18F}.Debug|Any CPU.ActiveCfg = Debug|Any CPU
		{0B6A5DBF-FAB4-4056-AD76-771146C1D18F}.Debug|Any CPU.Build.0 = Debug|Any CPU
		{0B6A5DBF-FAB4-4056-AD76-771146C1D18F}.Debug|x64.ActiveCfg = Debug|Any CPU
		{0B6A5DBF-FAB4-4056-AD76-771146C1D18F}.Debug|x64.Build.0 = Debug|Any CPU
		{0B6A5DBF-FAB4-4056-AD76-771146C1D18F}.Debug|x86.ActiveCfg = Debug|Any CPU
		{0B6A5DBF-FAB4-4056-AD76-771146C1D18F}.Debug|x86.Build.0 = Debug|Any CPU
		{0B6A5DBF-FAB4-4056-AD76-771146C1D18F}.Release|Any CPU.ActiveCfg = Release|Any CPU
		{0B6A5DBF-FAB4-4056-AD76-771146C1D18F}.Release|Any CPU.Build.0 = Release|Any CPU
		{0B6A5DBF-FAB4-4056-AD76-771146C1D18F}.Release|x64.ActiveCfg = Release|Any CPU
		{0B6A5DBF-FAB4-4056-AD76-771146C1D18F}.Release|x64.Build.0 = Release|Any CPU
		{0B6A5DBF-FAB4-4056-AD76-771146C1D18F}.Release|x86.ActiveCfg = Release|Any CPU
		{0B6A5DBF-FAB4-4056-AD76-771146C1D18F}.Release|x86.Build.0 = Release|Any CPU
		{CC994DB8-26AD-4BDE-83D0-3B86DB766FF7}.Debug|Any CPU.ActiveCfg = Debug|Any CPU
		{CC994DB8-26AD-4BDE-83D0-3B86DB766FF7}.Debug|Any CPU.Build.0 = Debug|Any CPU
		{CC994DB8-26AD-4BDE-83D0-3B86DB766FF7}.Debug|x64.ActiveCfg = Debug|Any CPU
		{CC994DB8-26AD-4BDE-83D0-3B86DB766FF7}.Debug|x64.Build.0 = Debug|Any CPU
		{CC994DB8-26AD-4BDE-83D0-3B86DB766FF7}.Debug|x86.ActiveCfg = Debug|Any CPU
		{CC994DB8-26AD-4BDE-83D0-3B86DB766FF7}.Debug|x86.Build.0 = Debug|Any CPU
		{CC994DB8-26AD-4BDE-83D0-3B86DB766FF7}.Release|Any CPU.ActiveCfg = Release|Any CPU
		{CC994DB8-26AD-4BDE-83D0-3B86DB766FF7}.Release|Any CPU.Build.0 = Release|Any CPU
		{CC994DB8-26AD-4BDE-83D0-3B86DB766FF7}.Release|x64.ActiveCfg = Release|Any CPU
		{CC994DB8-26AD-4BDE-83D0-3B86DB766FF7}.Release|x64.Build.0 = Release|Any CPU
		{CC994DB8-26AD-4BDE-83D0-3B86DB766FF7}.Release|x86.ActiveCfg = Release|Any CPU
		{CC994DB8-26AD-4BDE-83D0-3B86DB766FF7}.Release|x86.Build.0 = Release|Any CPU
	EndGlobalSection
	GlobalSection(SolutionProperties) = preSolution
		HideSolutionNode = FALSE
	EndGlobalSection
	GlobalSection(NestedProjects) = preSolution
		{8D626EA8-CB54-BC41-363A-217881BEBA6E} = {827E0CD3-B72D-47B6-A68D-7590B98EB39B}
		{BF0A5E4C-8994-47D5-9017-C6AF81F4D54E} = {8D626EA8-CB54-BC41-363A-217881BEBA6E}
		{CEFAA780-0024-42DD-9CCF-0E3633447027} = {8D626EA8-CB54-BC41-363A-217881BEBA6E}
		{9048EB7F-3875-A59E-E36B-5BD4C6F2A282} = {827E0CD3-B72D-47B6-A68D-7590B98EB39B}
		{26CE3C2D-B027-4EF3-B41D-2C33C9A4D4DA} = {9048EB7F-3875-A59E-E36B-5BD4C6F2A282}
		{27D536E6-17E8-436C-B2B9-E8556A0844D4} = {9048EB7F-3875-A59E-E36B-5BD4C6F2A282}
		{5C3500E6-C445-48FA-ABEA-21E03C2BEE8A} = {9048EB7F-3875-A59E-E36B-5BD4C6F2A282}
		{61B35D78-3044-4D53-8A79-8CD0EF84C428} = {9048EB7F-3875-A59E-E36B-5BD4C6F2A282}
		{8B260A08-A83E-5A86-27DB-EBC08B683631} = {827E0CD3-B72D-47B6-A68D-7590B98EB39B}
		{6A0BBB14-AD5C-49C6-B928-C29C0E80AB3E} = {8B260A08-A83E-5A86-27DB-EBC08B683631}
		{5AA3DA50-1F51-4155-9179-79AB2ACF6F92} = {8B260A08-A83E-5A86-27DB-EBC08B683631}
		{41356D3F-65EE-4C95-BE02-331FB1E0132A} = {8B260A08-A83E-5A86-27DB-EBC08B683631}
		{FE014895-D8BF-3492-8783-351AC6D606E7} = {827E0CD3-B72D-47B6-A68D-7590B98EB39B}
		{F43A23CC-B3B2-4A88-9E52-F43962D308BB} = {FE014895-D8BF-3492-8783-351AC6D606E7}
		{701F68C8-7582-4183-BE07-F15CCF329092} = {FE014895-D8BF-3492-8783-351AC6D606E7}
		{B0C84F84-39C7-4CDD-9660-4550167FF1F7} = {FE014895-D8BF-3492-8783-351AC6D606E7}
		{9008EB5E-3D1C-44C8-BC7F-64F310E5CFD8} = {FE014895-D8BF-3492-8783-351AC6D606E7}
		{0F956664-8E1D-4418-9CE3-3CEC5E302F01} = {FE014895-D8BF-3492-8783-351AC6D606E7}
		{3F65107B-BE90-46BC-965F-A332AE9842A7} = {FE014895-D8BF-3492-8783-351AC6D606E7}
		{2C37E041-40EB-4F9E-A406-FDFF84706B23} = {FE014895-D8BF-3492-8783-351AC6D606E7}
		{5B7D10BB-2E25-4078-9CF2-5C67708FA7F6} = {FE014895-D8BF-3492-8783-351AC6D606E7}
		{285D37B7-EA3A-4FCE-84BA-603DC905B843} = {FE014895-D8BF-3492-8783-351AC6D606E7}
		{9F0D348E-7525-4019-B503-ED4B892B64AC} = {FE014895-D8BF-3492-8783-351AC6D606E7}
		{6306A8FB-679E-111F-6585-8F70E0EE6013} = {827E0CD3-B72D-47B6-A68D-7590B98EB39B}
		{9F302F35-8E24-429B-8399-8BC3942DC8A7} = {6306A8FB-679E-111F-6585-8F70E0EE6013}
		{C8E42992-5E42-0C2B-DBFE-AA848D06431C} = {827E0CD3-B72D-47B6-A68D-7590B98EB39B}
		{DAC6A971-0497-49CC-89B5-50478FE7ED25} = {C8E42992-5E42-0C2B-DBFE-AA848D06431C}
		{5E8605EB-8E92-4348-9CD9-D82B92A53F5A} = {C8E42992-5E42-0C2B-DBFE-AA848D06431C}
		{9D556B49-86D1-93A7-9596-FFAAB74EC556} = {0AB3BF05-4346-4AA6-1389-037BE0695223}
		{9A98FFE7-3CF7-4060-B06F-A761C6623288} = {9D556B49-86D1-93A7-9596-FFAAB74EC556}
		{28A6993C-471E-82FE-7D9E-AD3B1EC22BD9} = {0AB3BF05-4346-4AA6-1389-037BE0695223}
		{0B6A5DBF-FAB4-4056-AD76-771146C1D18F} = {28A6993C-471E-82FE-7D9E-AD3B1EC22BD9}
		{0EB607AC-6329-6575-AD8B-E5558B048B88} = {0AB3BF05-4346-4AA6-1389-037BE0695223}
		{CC994DB8-26AD-4BDE-83D0-3B86DB766FF7} = {0EB607AC-6329-6575-AD8B-E5558B048B88}
	EndGlobalSection
EndGlobal
