
Microsoft Visual Studio Solution File, Format Version 12.00
# Visual Studio Version 17
VisualStudioVersion = 17.14.36408.4
MinimumVisualStudioVersion = 10.0.40219.1
Project("{2150E333-8FDC-42A3-9474-1A3956D46DE8}") = "API", "API", "{02EA681E-C7D8-13C7-8484-4AC65E1B71E8}"
EndProject
Project("{FAE04EC0-301F-11D3-BF4B-00C04F79EFBC}") = "api-crud-template", "src\api-crud-template\api-crud-template.csproj", "{269E115B-8767-AB83-FC31-320374DAE6F1}"
EndProject
Project("{2150E333-8FDC-42A3-9474-1A3956D46DE8}") = "Testes", "Testes", "{88F758D3-6169-4BA5-803A-E8EA67AF5D92}"
EndProject
Project("{FAE04EC0-301F-11D3-BF4B-00C04F79EFBC}") = "api-crud-template-testes", "src\api-crud-template-testes\api-crud-template-testes.csproj", "{FB77E444-566F-638D-0C38-54D3DD21D784}"
EndProject
Project("{FAE04EC0-301F-11D3-BF4B-00C04F79EFBC}") = "api-crud-template-tests", "src\api-crud-template-tests\api-crud-template-tests.csproj", "{8483F85B-5411-4D8D-89D0-F5BE30FC1CF6}"
EndProject
Global
	GlobalSection(SolutionConfigurationPlatforms) = preSolution
		Debug|Any CPU = Debug|Any CPU
		Release|Any CPU = Release|Any CPU
	EndGlobalSection
	GlobalSection(ProjectConfigurationPlatforms) = postSolution
		{269E115B-8767-AB83-FC31-320374DAE6F1}.Debug|Any CPU.ActiveCfg = Debug|Any CPU
		{269E115B-8767-AB83-FC31-320374DAE6F1}.Debug|Any CPU.Build.0 = Debug|Any CPU
		{269E115B-8767-AB83-FC31-320374DAE6F1}.Release|Any CPU.ActiveCfg = Release|Any CPU
		{269E115B-8767-AB83-FC31-320374DAE6F1}.Release|Any CPU.Build.0 = Release|Any CPU
		{FB77E444-566F-638D-0C38-54D3DD21D784}.Debug|Any CPU.ActiveCfg = Debug|Any CPU
		{FB77E444-566F-638D-0C38-54D3DD21D784}.Debug|Any CPU.Build.0 = Debug|Any CPU
		{FB77E444-566F-638D-0C38-54D3DD21D784}.Release|Any CPU.ActiveCfg = Release|Any CPU
		{FB77E444-566F-638D-0C38-54D3DD21D784}.Release|Any CPU.Build.0 = Release|Any CPU
		{8483F85B-5411-4D8D-89D0-F5BE30FC1CF6}.Debug|Any CPU.ActiveCfg = Debug|Any CPU
		{8483F85B-5411-4D8D-89D0-F5BE30FC1CF6}.Debug|Any CPU.Build.0 = Debug|Any CPU
		{8483F85B-5411-4D8D-89D0-F5BE30FC1CF6}.Release|Any CPU.ActiveCfg = Release|Any CPU
		{8483F85B-5411-4D8D-89D0-F5BE30FC1CF6}.Release|Any CPU.Build.0 = Release|Any CPU
	EndGlobalSection
	GlobalSection(SolutionProperties) = preSolution
		HideSolutionNode = FALSE
	EndGlobalSection
	GlobalSection(NestedProjects) = preSolution
		{269E115B-8767-AB83-FC31-320374DAE6F1} = {02EA681E-C7D8-13C7-8484-4AC65E1B71E8}
		{FB77E444-566F-638D-0C38-54D3DD21D784} = {88F758D3-6169-4BA5-803A-E8EA67AF5D92}
		{8483F85B-5411-4D8D-89D0-F5BE30FC1CF6} = {88F758D3-6169-4BA5-803A-E8EA67AF5D92}
	EndGlobalSection
	GlobalSection(ExtensibilityGlobals) = postSolution
		SolutionGuid = {FC2E26D7-E212-4C73-B354-480F9C60D055}
	EndGlobalSection
EndGlobal
