
Microsoft Visual Studio Solution File, Format Version 12.00
# Visual Studio Version 17
VisualStudioVersion = 17.13.35919.96
MinimumVisualStudioVersion = 10.0.40219.1
Project("{FAE04EC0-301F-11D3-BF4B-00C04F79EFBC}") = "bks-cdb-operacoes-api", "src\bks-cdb-operacoes-api\bks-cdb-operacoes-api.csproj", "{369301CD-ABF0-7236-7D6E-BF4E3BEE5D9F}"
EndProject
Project("{2150E333-8FDC-42A3-9474-1A3956D46DE8}") = "api", "api", "{02EA681E-C7D8-13C7-8484-4AC65E1B71E8}"
EndProject
Project("{2150E333-8FDC-42A3-9474-1A3956D46DE8}") = "testes", "testes", "{1768A437-D7F4-428E-B276-D6A4E61F430B}"
EndProject
Global
	GlobalSection(SolutionConfigurationPlatforms) = preSolution
		Debug|Any CPU = Debug|Any CPU
		Release|Any CPU = Release|Any CPU
	EndGlobalSection
	GlobalSection(ProjectConfigurationPlatforms) = postSolution
		{369301CD-ABF0-7236-7D6E-BF4E3BEE5D9F}.Debug|Any CPU.ActiveCfg = Debug|Any CPU
		{369301CD-ABF0-7236-7D6E-BF4E3BEE5D9F}.Debug|Any CPU.Build.0 = Debug|Any CPU
		{369301CD-ABF0-7236-7D6E-BF4E3BEE5D9F}.Release|Any CPU.ActiveCfg = Release|Any CPU
		{369301CD-ABF0-7236-7D6E-BF4E3BEE5D9F}.Release|Any CPU.Build.0 = Release|Any CPU
	EndGlobalSection
	GlobalSection(SolutionProperties) = preSolution
		HideSolutionNode = FALSE
	EndGlobalSection
	GlobalSection(NestedProjects) = preSolution
		{369301CD-ABF0-7236-7D6E-BF4E3BEE5D9F} = {02EA681E-C7D8-13C7-8484-4AC65E1B71E8}
	EndGlobalSection
	GlobalSection(ExtensibilityGlobals) = postSolution
		SolutionGuid = {4DDE943B-0FE5-4578-9562-14FC762355A9}
	EndGlobalSection
EndGlobal
